
Microsoft Visual Studio Solution File, Format Version 12.00
# Visual Studio Version 16
VisualStudioVersion = 16.0.32407.337
MinimumVisualStudioVersion = 10.0.40219.1
Project("{FAE04EC0-301F-11D3-BF4B-00C04F79EFBC}") = "Rahmanism.Api", "Rahmanism.Api\Rahmanism.Api.csproj", "{983EE3F4-55E4-466E-BB61-4761DFC8ACD2}"
EndProject
Global
	GlobalSection(SolutionConfigurationPlatforms) = preSolution
		Debug|Any CPU = Debug|Any CPU
		Release|Any CPU = Release|Any CPU
	EndGlobalSection
	GlobalSection(ProjectConfigurationPlatforms) = postSolution
		{983EE3F4-55E4-466E-BB61-4761DFC8ACD2}.Debug|Any CPU.ActiveCfg = Debug|Any CPU
		{983EE3F4-55E4-466E-BB61-4761DFC8ACD2}.Debug|Any CPU.Build.0 = Debug|Any CPU
		{983EE3F4-55E4-466E-BB61-4761DFC8ACD2}.Release|Any CPU.ActiveCfg = Release|Any CPU
		{983EE3F4-55E4-466E-BB61-4761DFC8ACD2}.Release|Any CPU.Build.0 = Release|Any CPU
	EndGlobalSection
	GlobalSection(SolutionProperties) = preSolution
		HideSolutionNode = FALSE
	EndGlobalSection
	GlobalSection(ExtensibilityGlobals) = postSolution
		SolutionGuid = {8BCC2ED2-BB97-48DE-8E12-BE6462305049}
	EndGlobalSection
EndGlobal
